github.com/celestiaorg/celestia-core v1.29.0-tm-v0.34.29/go.mod h1:xrICN0PBhp3AdTaZ8q4wS5Jvi32V02HNjaC2EsWiEKk=
github.com/cometbft/cometbft-db v0.8.0/go.mod h1:6ASCP4pfhmrCBpfk01/9E1SI29nD3HfVHrY4PG8x5c0=
github.com/tendermint/tendermint v0.34.24/go.mod h1:rXVrl4OYzmIa1I91av3iLv2HS0fGSiucyW9J4aMTpKI=
github.com/tendermint/tm-db v0.6.7/go.mod h1:byQDzFkZV1syXr/ReXS808NxA2xvyuuVgXOJ/088L6I=
